<?xml version="1.0" encoding="utf-8"?>
<Solution>
  <Properties Name="Configuration">
    <Item Value="Debug|Any CPU" />
    <Item Value="Release|Any CPU" />
  </Properties>
  <Project Path="FrontLook.IAutoHistory.csproj" Type="FAE04EC0-301F-11D3-BF4B-00C04F79EFBC" Guid="04CD6554-9533-0B5F-6F4B-B9C074A3F7F6" />
</Solution>